// !$*UTF8*$!
{
	archiveVersion = 1;
	classes = {
	};
	objectVersion = 50;
	objects = {

/* Begin PBXBuildFile section */
		04121A4C2100D07D0043623A /* GroupTableViewController.swift in Sources */ = {isa = PBXBuildFile; fileRef = 04121A4A2100D07D0043623A /* GroupTableViewController.swift */; };
		04121A4F2100D3910043623A /* GroupThermostat.xib in Resources */ = {isa = PBXBuildFile; fileRef = 04121A4E2100D3910043623A /* GroupThermostat.xib */; };
		04121A512100DACA0043623A /* GroupTableViewCell.swift in Sources */ = {isa = PBXBuildFile; fileRef = 04121A502100DACA0043623A /* GroupTableViewCell.swift */; };
		04121A532100F5B40043623A /* GroupSwitch.xib in Resources */ = {isa = PBXBuildFile; fileRef = 04121A522100F5B40043623A /* GroupSwitch.xib */; };
		04121A552100FB250043623A /* SceneCell.swift in Sources */ = {isa = PBXBuildFile; fileRef = 04121A542100FB250043623A /* SceneCell.swift */; };
		04121A572100FB3E0043623A /* SceneTableViewController.swift in Sources */ = {isa = PBXBuildFile; fileRef = 04121A562100FB3E0043623A /* SceneTableViewController.swift */; };
		04121A592100FB5A0043623A /* SceneCell.xib in Resources */ = {isa = PBXBuildFile; fileRef = 04121A582100FB5A0043623A /* SceneCell.xib */; };
		04121A5F2101112F0043623A /* NewSceneController.swift in Sources */ = {isa = PBXBuildFile; fileRef = 04121A5E2101112F0043623A /* NewSceneController.swift */; };
		04121A63210141B30043623A /* NewGroupController.swift in Sources */ = {isa = PBXBuildFile; fileRef = 04121A62210141B30043623A /* NewGroupController.swift */; };
		04121A6821014C0F0043623A /* FaderView.swift in Sources */ = {isa = PBXBuildFile; fileRef = 04121A6721014C0F0043623A /* FaderView.swift */; };
		04121A6C21014C770043623A /* FaderViewController.swift in Sources */ = {isa = PBXBuildFile; fileRef = 04121A6B21014C770043623A /* FaderViewController.swift */; };
		04332CC520B816D000274E48 /* AppDelegate.swift in Sources */ = {isa = PBXBuildFile; fileRef = 04332CC420B816D000274E48 /* AppDelegate.swift */; };
		04332CC720B816D000274E48 /* ViewController.swift in Sources */ = {isa = PBXBuildFile; fileRef = 04332CC620B816D000274E48 /* ViewController.swift */; };
		04332CCF20B816D300274E48 /* Assets.xcassets in Resources */ = {isa = PBXBuildFile; fileRef = 04332CCE20B816D300274E48 /* Assets.xcassets */; };
		04332CD220B816D300274E48 /* LaunchScreen.storyboard in Resources */ = {isa = PBXBuildFile; fileRef = 04332CD020B816D300274E48 /* LaunchScreen.storyboard */; };
		044057FA210CC99C0052956D /* FritzBoxConnectionSettings.swift in Sources */ = {isa = PBXBuildFile; fileRef = 044057F9210CC99C0052956D /* FritzBoxConnectionSettings.swift */; };
		046A9A5D2107D78D00534B83 /* RoundButton.swift in Sources */ = {isa = PBXBuildFile; fileRef = 046A9A5C2107D78D00534B83 /* RoundButton.swift */; };
		046A9A622107DF1500534B83 /* Main.storyboard in Resources */ = {isa = PBXBuildFile; fileRef = 046A9A602107DF1500534B83 /* Main.storyboard */; };
		0473BB71210E2D57001A4CB9 /* EditSceneController.swift in Sources */ = {isa = PBXBuildFile; fileRef = 0473BB70210E2D57001A4CB9 /* EditSceneController.swift */; };
		0473BB73210E3573001A4CB9 /* EditSceneCellController.swift in Sources */ = {isa = PBXBuildFile; fileRef = 0473BB72210E3573001A4CB9 /* EditSceneCellController.swift */; };
		04928F7320BFE4E1008A7978 /* DetailsViewController.swift in Sources */ = {isa = PBXBuildFile; fileRef = 04928F7220BFE4E1008A7978 /* DetailsViewController.swift */; };
		04928F7D20C02EE2008A7978 /* SettingsTableViewController.swift in Sources */ = {isa = PBXBuildFile; fileRef = 04928F7C20C02EE2008A7978 /* SettingsTableViewController.swift */; };
		04991ECA20D42A8700667C1A /* SignUpController.swift in Sources */ = {isa = PBXBuildFile; fileRef = 04991EC920D42A8700667C1A /* SignUpController.swift */; };
		04BF020120D3F1290094866E /* CollectionCellViewController.swift in Sources */ = {isa = PBXBuildFile; fileRef = 04BF020020D3F1290094866E /* CollectionCellViewController.swift */; };
		04CE5E0B20DD4F060095A863 /* Connector.swift in Sources */ = {isa = PBXBuildFile; fileRef = 04CE5E0A20DD4F060095A863 /* Connector.swift */; };
		04CE5E1020DD4F4F0095A863 /* Operation.swift in Sources */ = {isa = PBXBuildFile; fileRef = 04CE5E0C20DD4F4E0095A863 /* Operation.swift */; };
		04CE5E1120DD4F4F0095A863 /* SessionManager.swift in Sources */ = {isa = PBXBuildFile; fileRef = 04CE5E0D20DD4F4E0095A863 /* SessionManager.swift */; };
		04CE5E1320DD4F4F0095A863 /* Md5Maker.swift in Sources */ = {isa = PBXBuildFile; fileRef = 04CE5E0F20DD4F4F0095A863 /* Md5Maker.swift */; };
		04CE5E1520DD4F730095A863 /* AllDevicesReceiver.swift in Sources */ = {isa = PBXBuildFile; fileRef = 04CE5E1420DD4F730095A863 /* AllDevicesReceiver.swift */; };
		04CE5E1A20DD50AB0095A863 /* RequesterDelegate.swift in Sources */ = {isa = PBXBuildFile; fileRef = 04CE5E1820DD50AB0095A863 /* RequesterDelegate.swift */; };
		891E967320ED573D00212CF1 /* ModelExecutor.swift in Sources */ = {isa = PBXBuildFile; fileRef = 891E967220ED573D00212CF1 /* ModelExecutor.swift */; };
		8927E42B210002CA0050F775 /* Model.xcdatamodel in Sources */ = {isa = PBXBuildFile; fileRef = 8927E42A210002CA0050F775 /* Model.xcdatamodel */; };
		894275A720E66F0600CA3139 /* ManageDB.swift in Sources */ = {isa = PBXBuildFile; fileRef = 894275A620E66F0600CA3139 /* ManageDB.swift */; };
		8948360120FA7EB6001BF3A0 /* Default-568h@2x.png in Resources */ = {isa = PBXBuildFile; fileRef = 8948360020FA7EB6001BF3A0 /* Default-568h@2x.png */; };
		8948E6C42100BA3A001D3F8D /* TileConfigTableViewController.swift in Sources */ = {isa = PBXBuildFile; fileRef = 8948E6C32100BA39001D3F8D /* TileConfigTableViewController.swift */; };
		89F385A120FA788E00D84C43 /* LabelDelegate.swift in Sources */ = {isa = PBXBuildFile; fileRef = 89F385A020FA788E00D84C43 /* LabelDelegate.swift */; };
/* End PBXBuildFile section */

/* Begin PBXFileReference section */
		04121A4A2100D07D0043623A /* GroupTableViewController.swift */ = {isa = PBXFileReference; lastKnownFileType = sourcecode.swift; path = GroupTableViewController.swift; sourceTree = "<group>"; };
		04121A4E2100D3910043623A /* GroupThermostat.xib */ = {isa = PBXFileReference; lastKnownFileType = file.xib; path = GroupThermostat.xib; sourceTree = "<group>"; };
		04121A502100DACA0043623A /* GroupTableViewCell.swift */ = {isa = PBXFileReference; lastKnownFileType = sourcecode.swift; path = GroupTableViewCell.swift; sourceTree = "<group>"; };
		04121A522100F5B40043623A /* GroupSwitch.xib */ = {isa = PBXFileReference; lastKnownFileType = file.xib; path = GroupSwitch.xib; sourceTree = "<group>"; };
		04121A542100FB250043623A /* SceneCell.swift */ = {isa = PBXFileReference; lastKnownFileType = sourcecode.swift; path = SceneCell.swift; sourceTree = "<group>"; };
		04121A562100FB3E0043623A /* SceneTableViewController.swift */ = {isa = PBXFileReference; lastKnownFileType = sourcecode.swift; path = SceneTableViewController.swift; sourceTree = "<group>"; };
		04121A582100FB5A0043623A /* SceneCell.xib */ = {isa = PBXFileReference; lastKnownFileType = file.xib; path = SceneCell.xib; sourceTree = "<group>"; };
		04121A5E2101112F0043623A /* NewSceneController.swift */ = {isa = PBXFileReference; lastKnownFileType = sourcecode.swift; path = NewSceneController.swift; sourceTree = "<group>"; };
		04121A62210141B30043623A /* NewGroupController.swift */ = {isa = PBXFileReference; lastKnownFileType = sourcecode.swift; path = NewGroupController.swift; sourceTree = "<group>"; };
		04121A6721014C0F0043623A /* FaderView.swift */ = {isa = PBXFileReference; lastKnownFileType = sourcecode.swift; path = FaderView.swift; sourceTree = "<group>"; };
		04121A6B21014C770043623A /* FaderViewController.swift */ = {isa = PBXFileReference; lastKnownFileType = sourcecode.swift; path = FaderViewController.swift; sourceTree = "<group>"; };
		04332CC120B816D000274E48 /* Domovoi.app */ = {isa = PBXFileReference; explicitFileType = wrapper.application; includeInIndex = 0; path = Domovoi.app; sourceTree = BUILT_PRODUCTS_DIR; };
		04332CC420B816D000274E48 /* AppDelegate.swift */ = {isa = PBXFileReference; lastKnownFileType = sourcecode.swift; path = AppDelegate.swift; sourceTree = "<group>"; };
		04332CC620B816D000274E48 /* ViewController.swift */ = {isa = PBXFileReference; lastKnownFileType = sourcecode.swift; path = ViewController.swift; sourceTree = "<group>"; };
		04332CCE20B816D300274E48 /* Assets.xcassets */ = {isa = PBXFileReference; lastKnownFileType = folder.assetcatalog; path = Assets.xcassets; sourceTree = "<group>"; };
		04332CD120B816D300274E48 /* Base */ = {isa = PBXFileReference; lastKnownFileType = file.storyboard; name = Base; path = Base.lproj/LaunchScreen.storyboard; sourceTree = "<group>"; };
		04332CD320B816D300274E48 /* Info.plist */ = {isa = PBXFileReference; lastKnownFileType = text.plist.xml; path = Info.plist; sourceTree = "<group>"; };
		044057F9210CC99C0052956D /* FritzBoxConnectionSettings.swift */ = {isa = PBXFileReference; lastKnownFileType = sourcecode.swift; path = FritzBoxConnectionSettings.swift; sourceTree = "<group>"; };
		046A9A5C2107D78D00534B83 /* RoundButton.swift */ = {isa = PBXFileReference; lastKnownFileType = sourcecode.swift; path = RoundButton.swift; sourceTree = "<group>"; };
		046A9A612107DF1500534B83 /* Base */ = {isa = PBXFileReference; lastKnownFileType = file.storyboard; name = Base; path = Base.lproj/Main.storyboard; sourceTree = "<group>"; };
		0473BB70210E2D57001A4CB9 /* EditSceneController.swift */ = {isa = PBXFileReference; lastKnownFileType = sourcecode.swift; path = EditSceneController.swift; sourceTree = "<group>"; };
		0473BB72210E3573001A4CB9 /* EditSceneCellController.swift */ = {isa = PBXFileReference; lastKnownFileType = sourcecode.swift; path = EditSceneCellController.swift; sourceTree = "<group>"; };
		04928F7220BFE4E1008A7978 /* DetailsViewController.swift */ = {isa = PBXFileReference; lastKnownFileType = sourcecode.swift; path = DetailsViewController.swift; sourceTree = "<group>"; };
		04928F7C20C02EE2008A7978 /* SettingsTableViewController.swift */ = {isa = PBXFileReference; lastKnownFileType = sourcecode.swift; path = SettingsTableViewController.swift; sourceTree = "<group>"; };
		04991EC920D42A8700667C1A /* SignUpController.swift */ = {isa = PBXFileReference; lastKnownFileType = sourcecode.swift; path = SignUpController.swift; sourceTree = "<group>"; };
		04BF020020D3F1290094866E /* CollectionCellViewController.swift */ = {isa = PBXFileReference; lastKnownFileType = sourcecode.swift; path = CollectionCellViewController.swift; sourceTree = "<group>"; };
		04CE5E0A20DD4F060095A863 /* Connector.swift */ = {isa = PBXFileReference; lastKnownFileType = sourcecode.swift; name = Connector.swift; path = Connector/Connector.swift; sourceTree = SOURCE_ROOT; };
		04CE5E0C20DD4F4E0095A863 /* Operation.swift */ = {isa = PBXFileReference; fileEncoding = 4; lastKnownFileType = sourcecode.swift; path = Operation.swift; sourceTree = "<group>"; };
		04CE5E0D20DD4F4E0095A863 /* SessionManager.swift */ = {isa = PBXFileReference; fileEncoding = 4; lastKnownFileType = sourcecode.swift; path = SessionManager.swift; sourceTree = "<group>"; };
		04CE5E0F20DD4F4F0095A863 /* Md5Maker.swift */ = {isa = PBXFileReference; fileEncoding = 4; lastKnownFileType = sourcecode.swift; path = Md5Maker.swift; sourceTree = "<group>"; };
		04CE5E1420DD4F730095A863 /* AllDevicesReceiver.swift */ = {isa = PBXFileReference; fileEncoding = 4; lastKnownFileType = sourcecode.swift; path = AllDevicesReceiver.swift; sourceTree = "<group>"; };
		04CE5E1820DD50AB0095A863 /* RequesterDelegate.swift */ = {isa = PBXFileReference; fileEncoding = 4; lastKnownFileType = sourcecode.swift; path = RequesterDelegate.swift; sourceTree = "<group>"; };
		04CE5E2620DD73DB0095A863 /* Connector-header.h */ = {isa = PBXFileReference; lastKnownFileType = sourcecode.c.h; path = "Connector-header.h"; sourceTree = "<group>"; };
		891E967220ED573D00212CF1 /* ModelExecutor.swift */ = {isa = PBXFileReference; lastKnownFileType = sourcecode.swift; path = ModelExecutor.swift; sourceTree = "<group>"; };
		8927E42A210002CA0050F775 /* Model.xcdatamodel */ = {isa = PBXFileReference; lastKnownFileType = wrapper.xcdatamodel; path = Model.xcdatamodel; sourceTree = "<group>"; };
		894275A620E66F0600CA3139 /* ManageDB.swift */ = {isa = PBXFileReference; lastKnownFileType = sourcecode.swift; path = ManageDB.swift; sourceTree = "<group>"; };
		8948360020FA7EB6001BF3A0 /* Default-568h@2x.png */ = {isa = PBXFileReference; lastKnownFileType = image.png; path = "Default-568h@2x.png"; sourceTree = "<group>"; };
		8948E6C32100BA39001D3F8D /* TileConfigTableViewController.swift */ = {isa = PBXFileReference; fileEncoding = 4; lastKnownFileType = sourcecode.swift; path = TileConfigTableViewController.swift; sourceTree = "<group>"; };
		89F385A020FA788E00D84C43 /* LabelDelegate.swift */ = {isa = PBXFileReference; fileEncoding = 4; lastKnownFileType = sourcecode.swift; path = LabelDelegate.swift; sourceTree = "<group>"; };
/* End PBXFileReference section */

/* Begin PBXFrameworksBuildPhase section */
		04332CBE20B816D000274E48 /* Frameworks */ = {
			isa = PBXFrameworksBuildPhase;
			buildActionMask = 2147483647;
			files = (
			);
			runOnlyForDeploymentPostprocessing = 0;
		};
/* End PBXFrameworksBuildPhase section */

/* Begin PBXGroup section */
		04121A482100CF940043623A /* Groupes */ = {
			isa = PBXGroup;
			children = (
				04AC25C02104F4CF00E5E6E5 /* GroupCellView */,
				04121A4A2100D07D0043623A /* GroupTableViewController.swift */,
				04121A62210141B30043623A /* NewGroupController.swift */,
			);
			path = Groupes;
			sourceTree = "<group>";
		};
		04121A492100CFA00043623A /* Scenes */ = {
			isa = PBXGroup;
			children = (
				04AC25BF2104F4C100E5E6E5 /* CellView */,
				04121A562100FB3E0043623A /* SceneTableViewController.swift */,
				04121A5E2101112F0043623A /* NewSceneController.swift */,
				0473BB70210E2D57001A4CB9 /* EditSceneController.swift */,
				0473BB72210E3573001A4CB9 /* EditSceneCellController.swift */,
			);
			path = Scenes;
			sourceTree = "<group>";
		};
		04121A6621014BF40043623A /* Fader */ = {
			isa = PBXGroup;
			children = (
				04121A6721014C0F0043623A /* FaderView.swift */,
				04121A6B21014C770043623A /* FaderViewController.swift */,
			);
			path = Fader;
			sourceTree = "<group>";
		};
		04332CB820B816D000274E48 = {
			isa = PBXGroup;
			children = (
				04CE5E0920DD4D170095A863 /* Connector */,
				04928F7820C02D2F008A7978 /* View */,
				04928F7920C02D35008A7978 /* Controller */,
				894275A520E66EBA00CA3139 /* DevelopmentStuff */,
				04332CC220B816D000274E48 /* Products */,
				04CE5E2620DD73DB0095A863 /* Connector-header.h */,
				8948360020FA7EB6001BF3A0 /* Default-568h@2x.png */,
				04332CD320B816D300274E48 /* Info.plist */,
				8927E42A210002CA0050F775 /* Model.xcdatamodel */,
			);
			sourceTree = "<group>";
		};
		04332CC220B816D000274E48 /* Products */ = {
			isa = PBXGroup;
			children = (
				04332CC120B816D000274E48 /* Domovoi.app */,
			);
			name = Products;
			sourceTree = "<group>";
		};
		04928F7820C02D2F008A7978 /* View */ = {
			isa = PBXGroup;
			children = (
				046A9A602107DF1500534B83 /* Main.storyboard */,
				04332CD020B816D300274E48 /* LaunchScreen.storyboard */,
				04332CCE20B816D300274E48 /* Assets.xcassets */,
			);
			path = View;
			sourceTree = "<group>";
		};
		04928F7920C02D35008A7978 /* Controller */ = {
			isa = PBXGroup;
			children = (
				04121A6621014BF40043623A /* Fader */,
				04121A492100CFA00043623A /* Scenes */,
				04121A482100CF940043623A /* Groupes */,
				04332CC620B816D000274E48 /* ViewController.swift */,
				8948E6C32100BA39001D3F8D /* TileConfigTableViewController.swift */,
				04991ECB20D42A8D00667C1A /* SignUp */,
				04928F7B20C02DBF008A7978 /* Dasboard */,
				04928F7A20C02D92008A7978 /* SettingsPage */,
			);
			path = Controller;
			sourceTree = "<group>";
		};
		04928F7A20C02D92008A7978 /* SettingsPage */ = {
			isa = PBXGroup;
			children = (
				04928F7C20C02EE2008A7978 /* SettingsTableViewController.swift */,
				044057F9210CC99C0052956D /* FritzBoxConnectionSettings.swift */,
			);
			path = SettingsPage;
			sourceTree = "<group>";
		};
		04928F7B20C02DBF008A7978 /* Dasboard */ = {
			isa = PBXGroup;
			children = (
				04928F7220BFE4E1008A7978 /* DetailsViewController.swift */,
				04BF020020D3F1290094866E /* CollectionCellViewController.swift */,
			);
			path = Dasboard;
			sourceTree = "<group>";
		};
		04991ECB20D42A8D00667C1A /* SignUp */ = {
			isa = PBXGroup;
			children = (
				04991EC920D42A8700667C1A /* SignUpController.swift */,
				046A9A5C2107D78D00534B83 /* RoundButton.swift */,
			);
			path = SignUp;
			sourceTree = "<group>";
		};
		04AC25BF2104F4C100E5E6E5 /* CellView */ = {
			isa = PBXGroup;
			children = (
				04121A542100FB250043623A /* SceneCell.swift */,
				04121A582100FB5A0043623A /* SceneCell.xib */,
			);
			path = CellView;
			sourceTree = "<group>";
		};
		04AC25C02104F4CF00E5E6E5 /* GroupCellView */ = {
			isa = PBXGroup;
			children = (
				04121A502100DACA0043623A /* GroupTableViewCell.swift */,
				04121A4E2100D3910043623A /* GroupThermostat.xib */,
				04121A522100F5B40043623A /* GroupSwitch.xib */,
			);
			path = GroupCellView;
			sourceTree = "<group>";
		};
		04CE5E0920DD4D170095A863 /* Connector */ = {
			isa = PBXGroup;
			children = (
				04CE5E1620DD4FC20095A863 /* Delegates */,
				04CE5E0A20DD4F060095A863 /* Connector.swift */,
				04CE5E0D20DD4F4E0095A863 /* SessionManager.swift */,
				04CE5E0F20DD4F4F0095A863 /* Md5Maker.swift */,
				04CE5E1420DD4F730095A863 /* AllDevicesReceiver.swift */,
				04CE5E0C20DD4F4E0095A863 /* Operation.swift */,
				891E967220ED573D00212CF1 /* ModelExecutor.swift */,
			);
			path = Connector;
			sourceTree = "<group>";
		};
		04CE5E1620DD4FC20095A863 /* Delegates */ = {
			isa = PBXGroup;
			children = (
				04332CC420B816D000274E48 /* AppDelegate.swift */,
				89F385A020FA788E00D84C43 /* LabelDelegate.swift */,
				04CE5E1820DD50AB0095A863 /* RequesterDelegate.swift */,
			);
			path = Delegates;
			sourceTree = "<group>";
		};
		894275A520E66EBA00CA3139 /* DevelopmentStuff */ = {
			isa = PBXGroup;
			children = (
				894275A620E66F0600CA3139 /* ManageDB.swift */,
			);
			path = DevelopmentStuff;
			sourceTree = "<group>";
		};
/* End PBXGroup section */

/* Begin PBXNativeTarget section */
		04332CC020B816D000274E48 /* Domovoi */ = {
			isa = PBXNativeTarget;
			buildConfigurationList = 04332CD620B816D300274E48 /* Build configuration list for PBXNativeTarget "Domovoi" */;
			buildPhases = (
				04332CBD20B816D000274E48 /* Sources */,
				04332CBE20B816D000274E48 /* Frameworks */,
				04332CBF20B816D000274E48 /* Resources */,
			);
			buildRules = (
			);
			dependencies = (
			);
			name = Domovoi;
			productName = test;
			productReference = 04332CC120B816D000274E48 /* Domovoi.app */;
			productType = "com.apple.product-type.application";
		};
/* End PBXNativeTarget section */

/* Begin PBXProject section */
		04332CB920B816D000274E48 /* Project object */ = {
			isa = PBXProject;
			attributes = {
				LastSwiftUpdateCheck = 0930;
				LastUpgradeCheck = 0930;
				ORGANIZATIONNAME = "Khristina Filonchik";
				TargetAttributes = {
					04332CC020B816D000274E48 = {
						CreatedOnToolsVersion = 9.3;
						LastSwiftMigration = 0930;
					};
				};
			};
			buildConfigurationList = 04332CBC20B816D000274E48 /* Build configuration list for PBXProject "Domovoi" */;
			compatibilityVersion = "Xcode 9.3";
			developmentRegion = en;
			hasScannedForEncodings = 0;
			knownRegions = (
				en,
				Base,
			);
			mainGroup = 04332CB820B816D000274E48;
			productRefGroup = 04332CC220B816D000274E48 /* Products */;
			projectDirPath = "";
			projectRoot = "";
			targets = (
				04332CC020B816D000274E48 /* Domovoi */,
			);
		};
/* End PBXProject section */

/* Begin PBXResourcesBuildPhase section */
		04332CBF20B816D000274E48 /* Resources */ = {
			isa = PBXResourcesBuildPhase;
			buildActionMask = 2147483647;
			files = (
				046A9A622107DF1500534B83 /* Main.storyboard in Resources */,
				04332CD220B816D300274E48 /* LaunchScreen.storyboard in Resources */,
				8948360120FA7EB6001BF3A0 /* Default-568h@2x.png in Resources */,
				04332CCF20B816D300274E48 /* Assets.xcassets in Resources */,
				04121A4F2100D3910043623A /* GroupThermostat.xib in Resources */,
				04121A592100FB5A0043623A /* SceneCell.xib in Resources */,
				04121A532100F5B40043623A /* GroupSwitch.xib in Resources */,
			);
			runOnlyForDeploymentPostprocessing = 0;
		};
/* End PBXResourcesBuildPhase section */

/* Begin PBXSourcesBuildPhase section */
		04332CBD20B816D000274E48 /* Sources */ = {
			isa = PBXSourcesBuildPhase;
			buildActionMask = 2147483647;
			files = (
				04332CC720B816D000274E48 /* ViewController.swift in Sources */,
				04991ECA20D42A8700667C1A /* SignUpController.swift in Sources */,
				04121A63210141B30043623A /* NewGroupController.swift in Sources */,
				04121A6C21014C770043623A /* FaderViewController.swift in Sources */,
				04332CC520B816D000274E48 /* AppDelegate.swift in Sources */,
				891E967320ED573D00212CF1 /* ModelExecutor.swift in Sources */,
				04121A552100FB250043623A /* SceneCell.swift in Sources */,
				04928F7D20C02EE2008A7978 /* SettingsTableViewController.swift in Sources */,
				04CE5E1020DD4F4F0095A863 /* Operation.swift in Sources */,
				8948E6C42100BA3A001D3F8D /* TileConfigTableViewController.swift in Sources */,
				89F385A120FA788E00D84C43 /* LabelDelegate.swift in Sources */,
				8927E42B210002CA0050F775 /* Model.xcdatamodel in Sources */,
				0473BB71210E2D57001A4CB9 /* EditSceneController.swift in Sources */,
				04CE5E1A20DD50AB0095A863 /* RequesterDelegate.swift in Sources */,
				04121A6821014C0F0043623A /* FaderView.swift in Sources */,
				0473BB73210E3573001A4CB9 /* EditSceneCellController.swift in Sources */,
				894275A720E66F0600CA3139 /* ManageDB.swift in Sources */,
				04CE5E0B20DD4F060095A863 /* Connector.swift in Sources */,
				044057FA210CC99C0052956D /* FritzBoxConnectionSettings.swift in Sources */,
				04928F7320BFE4E1008A7978 /* DetailsViewController.swift in Sources */,
				04121A5F2101112F0043623A /* NewSceneController.swift in Sources */,
				04CE5E1520DD4F730095A863 /* AllDevicesReceiver.swift in Sources */,
				04121A572100FB3E0043623A /* SceneTableViewController.swift in Sources */,
				04CE5E1120DD4F4F0095A863 /* SessionManager.swift in Sources */,
				04CE5E1320DD4F4F0095A863 /* Md5Maker.swift in Sources */,
				04BF020120D3F1290094866E /* CollectionCellViewController.swift in Sources */,
				046A9A5D2107D78D00534B83 /* RoundButton.swift in Sources */,
				04121A512100DACA0043623A /* GroupTableViewCell.swift in Sources */,
				04121A4C2100D07D0043623A /* GroupTableViewController.swift in Sources */,
			);
			runOnlyForDeploymentPostprocessing = 0;
		};
/* End PBXSourcesBuildPhase section */

/* Begin PBXVariantGroup section */
		04332CD020B816D300274E48 /* LaunchScreen.storyboard */ = {
			isa = PBXVariantGroup;
			children = (
				04332CD120B816D300274E48 /* Base */,
			);
			name = LaunchScreen.storyboard;
			sourceTree = "<group>";
		};
		046A9A602107DF1500534B83 /* Main.storyboard */ = {
			isa = PBXVariantGroup;
			children = (
				046A9A612107DF1500534B83 /* Base */,
			);
			name = Main.storyboard;
			sourceTree = "<group>";
		};
/* End PBXVariantGroup section */

/* Begin XCBuildConfiguration section */
		04332CD420B816D300274E48 /* Debug */ = {
			isa = XCBuildConfiguration;
			buildSettings = {
				ALWAYS_SEARCH_USER_PATHS = NO;
				CLANG_ANALYZER_NONNULL = YES;
				CLANG_ANALYZER_NUMBER_OBJECT_CONVERSION = YES_AGGRESSIVE;
				CLANG_CXX_LANGUAGE_STANDARD = "gnu++14";
				CLANG_CXX_LIBRARY = "libc++";
				CLANG_ENABLE_MODULES = YES;
				CLANG_ENABLE_OBJC_ARC = YES;
				CLANG_ENABLE_OBJC_WEAK = YES;
				CLANG_WARN_BLOCK_CAPTURE_AUTORELEASING = YES;
				CLANG_WARN_BOOL_CONVERSION = YES;
				CLANG_WARN_COMMA = YES;
				CLANG_WARN_CONSTANT_CONVERSION = YES;
				CLANG_WARN_DEPRECATED_OBJC_IMPLEMENTATIONS = YES;
				CLANG_WARN_DIRECT_OBJC_ISA_USAGE = YES_ERROR;
				CLANG_WARN_DOCUMENTATION_COMMENTS = YES;
				CLANG_WARN_EMPTY_BODY = YES;
				CLANG_WARN_ENUM_CONVERSION = YES;
				CLANG_WARN_INFINITE_RECURSION = YES;
				CLANG_WARN_INT_CONVERSION = YES;
				CLANG_WARN_NON_LITERAL_NULL_CONVERSION = YES;
				CLANG_WARN_OBJC_IMPLICIT_RETAIN_SELF = YES;
				CLANG_WARN_OBJC_LITERAL_CONVERSION = YES;
				CLANG_WARN_OBJC_ROOT_CLASS = YES_ERROR;
				CLANG_WARN_RANGE_LOOP_ANALYSIS = YES;
				CLANG_WARN_STRICT_PROTOTYPES = YES;
				CLANG_WARN_SUSPICIOUS_MOVE = YES;
				CLANG_WARN_UNGUARDED_AVAILABILITY = YES_AGGRESSIVE;
				CLANG_WARN_UNREACHABLE_CODE = YES;
				CLANG_WARN__DUPLICATE_METHOD_MATCH = YES;
				CODE_SIGN_IDENTITY = "iPhone Developer";
				COPY_PHASE_STRIP = NO;
				DEBUG_INFORMATION_FORMAT = dwarf;
				ENABLE_STRICT_OBJC_MSGSEND = YES;
				ENABLE_TESTABILITY = YES;
				GCC_C_LANGUAGE_STANDARD = gnu11;
				GCC_DYNAMIC_NO_PIC = NO;
				GCC_NO_COMMON_BLOCKS = YES;
				GCC_OPTIMIZATION_LEVEL = 0;
				GCC_PREPROCESSOR_DEFINITIONS = (
					"DEBUG=1",
					"$(inherited)",
				);
				GCC_WARN_64_TO_32_BIT_CONVERSION = YES;
				GCC_WARN_ABOUT_RETURN_TYPE = YES_ERROR;
				GCC_WARN_UNDECLARED_SELECTOR = YES;
				GCC_WARN_UNINITIALIZED_AUTOS = YES_AGGRESSIVE;
				GCC_WARN_UNUSED_FUNCTION = YES;
				GCC_WARN_UNUSED_VARIABLE = YES;
				IPHONEOS_DEPLOYMENT_TARGET = 11.3;
				MTL_ENABLE_DEBUG_INFO = YES;
				ONLY_ACTIVE_ARCH = YES;
				SDKROOT = iphoneos;
				SWIFT_ACTIVE_COMPILATION_CONDITIONS = DEBUG;
				SWIFT_OPTIMIZATION_LEVEL = "-Onone";
			};
			name = Debug;
		};
		04332CD520B816D300274E48 /* Release */ = {
			isa = XCBuildConfiguration;
			buildSettings = {
				ALWAYS_SEARCH_USER_PATHS = NO;
				CLANG_ANALYZER_NONNULL = YES;
				CLANG_ANALYZER_NUMBER_OBJECT_CONVERSION = YES_AGGRESSIVE;
				CLANG_CXX_LANGUAGE_STANDARD = "gnu++14";
				CLANG_CXX_LIBRARY = "libc++";
				CLANG_ENABLE_MODULES = YES;
				CLANG_ENABLE_OBJC_ARC = YES;
				CLANG_ENABLE_OBJC_WEAK = YES;
				CLANG_WARN_BLOCK_CAPTURE_AUTORELEASING = YES;
				CLANG_WARN_BOOL_CONVERSION = YES;
				CLANG_WARN_COMMA = YES;
				CLANG_WARN_CONSTANT_CONVERSION = YES;
				CLANG_WARN_DEPRECATED_OBJC_IMPLEMENTATIONS = YES;
				CLANG_WARN_DIRECT_OBJC_ISA_USAGE = YES_ERROR;
				CLANG_WARN_DOCUMENTATION_COMMENTS = YES;
				CLANG_WARN_EMPTY_BODY = YES;
				CLANG_WARN_ENUM_CONVERSION = YES;
				CLANG_WARN_INFINITE_RECURSION = YES;
				CLANG_WARN_INT_CONVERSION = YES;
				CLANG_WARN_NON_LITERAL_NULL_CONVERSION = YES;
				CLANG_WARN_OBJC_IMPLICIT_RETAIN_SELF = YES;
				CLANG_WARN_OBJC_LITERAL_CONVERSION = YES;
				CLANG_WARN_OBJC_ROOT_CLASS = YES_ERROR;
				CLANG_WARN_RANGE_LOOP_ANALYSIS = YES;
				CLANG_WARN_STRICT_PROTOTYPES = YES;
				CLANG_WARN_SUSPICIOUS_MOVE = YES;
				CLANG_WARN_UNGUARDED_AVAILABILITY = YES_AGGRESSIVE;
				CLANG_WARN_UNREACHABLE_CODE = YES;
				CLANG_WARN__DUPLICATE_METHOD_MATCH = YES;
				CODE_SIGN_IDENTITY = "iPhone Developer";
				COPY_PHASE_STRIP = NO;
				DEBUG_INFORMATION_FORMAT = "dwarf-with-dsym";
				ENABLE_NS_ASSERTIONS = NO;
				ENABLE_STRICT_OBJC_MSGSEND = YES;
				GCC_C_LANGUAGE_STANDARD = gnu11;
				GCC_NO_COMMON_BLOCKS = YES;
				GCC_WARN_64_TO_32_BIT_CONVERSION = YES;
				GCC_WARN_ABOUT_RETURN_TYPE = YES_ERROR;
				GCC_WARN_UNDECLARED_SELECTOR = YES;
				GCC_WARN_UNINITIALIZED_AUTOS = YES_AGGRESSIVE;
				GCC_WARN_UNUSED_FUNCTION = YES;
				GCC_WARN_UNUSED_VARIABLE = YES;
				IPHONEOS_DEPLOYMENT_TARGET = 11.3;
				MTL_ENABLE_DEBUG_INFO = NO;
				SDKROOT = iphoneos;
				SWIFT_COMPILATION_MODE = wholemodule;
				SWIFT_OPTIMIZATION_LEVEL = "-O";
				VALIDATE_PRODUCT = YES;
			};
			name = Release;
		};
		04332CD720B816D300274E48 /* Debug */ = {
			isa = XCBuildConfiguration;
			buildSettings = {
				ASSETCATALOG_COMPILER_APPICON_NAME = AppIcon;
				CLANG_ENABLE_MODULES = YES;
				CODE_SIGN_STYLE = Automatic;
				DEVELOPMENT_TEAM = QVP266Y9P4;
				INFOPLIST_FILE = Info.plist;
				IPHONEOS_DEPLOYMENT_TARGET = 11.0;
				LD_RUNPATH_SEARCH_PATHS = (
					"$(inherited)",
					"@executable_path/Frameworks",
				);
				PRODUCT_BUNDLE_IDENTIFIER = kflonchik.domovoy;
				PRODUCT_NAME = "$(TARGET_NAME)";
				SWIFT_OBJC_BRIDGING_HEADER = "Connector-header.h";
				SWIFT_OBJC_INTERFACE_HEADER_NAME = "Connector-header.h";
				SWIFT_OPTIMIZATION_LEVEL = "-Onone";
				SWIFT_VERSION = 4.0;
				TARGETED_DEVICE_FAMILY = 1;
			};
			name = Debug;
		};
		04332CD820B816D300274E48 /* Release */ = {
			isa = XCBuildConfiguration;
			buildSettings = {
				ASSETCATALOG_COMPILER_APPICON_NAME = AppIcon;
				CLANG_ENABLE_MODULES = YES;
				CODE_SIGN_STYLE = Automatic;
				DEVELOPMENT_TEAM = QVP266Y9P4;
				INFOPLIST_FILE = Info.plist;
				IPHONEOS_DEPLOYMENT_TARGET = 11.0;
				LD_RUNPATH_SEARCH_PATHS = (
					"$(inherited)",
					"@executable_path/Frameworks",
				);
				PRODUCT_BUNDLE_IDENTIFIER = kflonchik.domovoy;
				PRODUCT_NAME = "$(TARGET_NAME)";
				SWIFT_OBJC_BRIDGING_HEADER = "Connector-header.h";
				SWIFT_OBJC_INTERFACE_HEADER_NAME = "Connector-header.h";
				SWIFT_VERSION = 4.0;
				TARGETED_DEVICE_FAMILY = 1;
			};
			name = Release;
		};
/* End XCBuildConfiguration section */

/* Begin XCConfigurationList section */
		04332CBC20B816D000274E48 /* Build configuration list for PBXProject "Domovoi" */ = {
			isa = XCConfigurationList;
			buildConfigurations = (
				04332CD420B816D300274E48 /* Debug */,
				04332CD520B816D300274E48 /* Release */,
			);
			defaultConfigurationIsVisible = 0;
			defaultConfigurationName = Release;
		};
		04332CD620B816D300274E48 /* Build configuration list for PBXNativeTarget "Domovoi" */ = {
			isa = XCConfigurationList;
			buildConfigurations = (
				04332CD720B816D300274E48 /* Debug */,
				04332CD820B816D300274E48 /* Release */,
			);
			defaultConfigurationIsVisible = 0;
			defaultConfigurationName = Release;
		};
/* End XCConfigurationList section */
	};
	rootObject = 04332CB920B816D000274E48 /* Project object */;
}
