// !$*UTF8*$!
{
	archiveVersion = 1;
	classes = {
	};
	objectVersion = 50;
	objects = {

/* Begin PBXBuildFile section */
		8953804520C479C3003937C6 /* AppDelegate.swift in Sources */ = {isa = PBXBuildFile; fileRef = 8953804420C479C3003937C6 /* AppDelegate.swift */; };
		8953804720C479C3003937C6 /* ViewController.swift in Sources */ = {isa = PBXBuildFile; fileRef = 8953804620C479C3003937C6 /* ViewController.swift */; };
		8953804A20C479C3003937C6 /* Main.storyboard in Resources */ = {isa = PBXBuildFile; fileRef = 8953804820C479C3003937C6 /* Main.storyboard */; };
		8953804C20C479C4003937C6 /* Assets.xcassets in Resources */ = {isa = PBXBuildFile; fileRef = 8953804B20C479C4003937C6 /* Assets.xcassets */; };
		8953804F20C479C4003937C6 /* LaunchScreen.storyboard in Resources */ = {isa = PBXBuildFile; fileRef = 8953804D20C479C4003937C6 /* LaunchScreen.storyboard */; };
		8953805D20C47A15003937C6 /* FritzSessionManager.swift in Sources */ = {isa = PBXBuildFile; fileRef = 8953805620C47A14003937C6 /* FritzSessionManager.swift */; };
		8953805E20C47A15003937C6 /* LabelDelegate.swift in Sources */ = {isa = PBXBuildFile; fileRef = 8953805720C47A15003937C6 /* LabelDelegate.swift */; };
		8953805F20C47A15003937C6 /* Md5Maker.swift in Sources */ = {isa = PBXBuildFile; fileRef = 8953805820C47A15003937C6 /* Md5Maker.swift */; };
		8953806020C47A15003937C6 /* RequesterDelegate.swift in Sources */ = {isa = PBXBuildFile; fileRef = 8953805920C47A15003937C6 /* RequesterDelegate.swift */; };
		8953806120C47A15003937C6 /* Connector.swift in Sources */ = {isa = PBXBuildFile; fileRef = 8953805A20C47A15003937C6 /* Connector.swift */; };
		8953806220C47A15003937C6 /* OperationThermostat.swift in Sources */ = {isa = PBXBuildFile; fileRef = 8953805B20C47A15003937C6 /* OperationThermostat.swift */; };
		8953806320C47A15003937C6 /* AllThermostatsReceiver.swift in Sources */ = {isa = PBXBuildFile; fileRef = 8953805C20C47A15003937C6 /* AllThermostatsReceiver.swift */; };
		89A0AD8A20D42ECE00647F5B /* Model.xcdatamodeld in Sources */ = {isa = PBXBuildFile; fileRef = 89A0AD8820D42ECD00647F5B /* Model.xcdatamodeld */; };
/* End PBXBuildFile section */

/* Begin PBXFileReference section */
		8953804120C479C3003937C6 /* Connector.app */ = {isa = PBXFileReference; explicitFileType = wrapper.application; includeInIndex = 0; path = Connector.app; sourceTree = BUILT_PRODUCTS_DIR; };
		8953804420C479C3003937C6 /* AppDelegate.swift */ = {isa = PBXFileReference; lastKnownFileType = sourcecode.swift; path = AppDelegate.swift; sourceTree = "<group>"; };
		8953804620C479C3003937C6 /* ViewController.swift */ = {isa = PBXFileReference; lastKnownFileType = sourcecode.swift; path = ViewController.swift; sourceTree = "<group>"; };
		8953804920C479C3003937C6 /* Base */ = {isa = PBXFileReference; lastKnownFileType = file.storyboard; name = Base; path = Base.lproj/Main.storyboard; sourceTree = "<group>"; };
		8953804B20C479C4003937C6 /* Assets.xcassets */ = {isa = PBXFileReference; lastKnownFileType = folder.assetcatalog; path = Assets.xcassets; sourceTree = "<group>"; };
		8953804E20C479C4003937C6 /* Base */ = {isa = PBXFileReference; lastKnownFileType = file.storyboard; name = Base; path = Base.lproj/LaunchScreen.storyboard; sourceTree = "<group>"; };
		8953805020C479C4003937C6 /* Info.plist */ = {isa = PBXFileReference; lastKnownFileType = text.plist.xml; path = Info.plist; sourceTree = "<group>"; };
		8953805620C47A14003937C6 /* FritzSessionManager.swift */ = {isa = PBXFileReference; fileEncoding = 4; lastKnownFileType = sourcecode.swift; path = FritzSessionManager.swift; sourceTree = "<group>"; };
		8953805720C47A15003937C6 /* LabelDelegate.swift */ = {isa = PBXFileReference; fileEncoding = 4; lastKnownFileType = sourcecode.swift; path = LabelDelegate.swift; sourceTree = "<group>"; };
		8953805820C47A15003937C6 /* Md5Maker.swift */ = {isa = PBXFileReference; fileEncoding = 4; lastKnownFileType = sourcecode.swift; path = Md5Maker.swift; sourceTree = "<group>"; };
		8953805920C47A15003937C6 /* RequesterDelegate.swift */ = {isa = PBXFileReference; fileEncoding = 4; lastKnownFileType = sourcecode.swift; path = RequesterDelegate.swift; sourceTree = "<group>"; };
		8953805A20C47A15003937C6 /* Connector.swift */ = {isa = PBXFileReference; fileEncoding = 4; lastKnownFileType = sourcecode.swift; path = Connector.swift; sourceTree = "<group>"; };
		8953805B20C47A15003937C6 /* OperationThermostat.swift */ = {isa = PBXFileReference; fileEncoding = 4; lastKnownFileType = sourcecode.swift; path = OperationThermostat.swift; sourceTree = "<group>"; };
		8953805C20C47A15003937C6 /* AllThermostatsReceiver.swift */ = {isa = PBXFileReference; fileEncoding = 4; lastKnownFileType = sourcecode.swift; path = AllThermostatsReceiver.swift; sourceTree = "<group>"; };
		89A0AD8920D42ECE00647F5B /* Model.xcdatamodel */ = {isa = PBXFileReference; lastKnownFileType = wrapper.xcdatamodel; path = Model.xcdatamodel; sourceTree = "<group>"; };
/* End PBXFileReference section */

/* Begin PBXFrameworksBuildPhase section */
		8953803E20C479C3003937C6 /* Frameworks */ = {
			isa = PBXFrameworksBuildPhase;
			buildActionMask = 2147483647;
			files = (
			);
			runOnlyForDeploymentPostprocessing = 0;
		};
/* End PBXFrameworksBuildPhase section */

/* Begin PBXGroup section */
		8953803820C479C3003937C6 = {
			isa = PBXGroup;
			children = (
				8953804320C479C3003937C6 /* Connector */,
				8953804220C479C3003937C6 /* Products */,
			);
			sourceTree = "<group>";
		};
		8953804220C479C3003937C6 /* Products */ = {
			isa = PBXGroup;
			children = (
				8953804120C479C3003937C6 /* Connector.app */,
			);
			name = Products;
			sourceTree = "<group>";
		};
		8953804320C479C3003937C6 /* Connector */ = {
			isa = PBXGroup;
			children = (
				8953805A20C47A15003937C6 /* Connector.swift */,
				8953804420C479C3003937C6 /* AppDelegate.swift */,
				89A0AD8820D42ECD00647F5B /* Model.xcdatamodeld */,
				8953804620C479C3003937C6 /* ViewController.swift */,
				8953804820C479C3003937C6 /* Main.storyboard */,
				8953805C20C47A15003937C6 /* AllThermostatsReceiver.swift */,
				8953805620C47A14003937C6 /* FritzSessionManager.swift */,
				8953805720C47A15003937C6 /* LabelDelegate.swift */,
				8953805820C47A15003937C6 /* Md5Maker.swift */,
				8953805B20C47A15003937C6 /* OperationThermostat.swift */,
				8953805920C47A15003937C6 /* RequesterDelegate.swift */,
				8953804B20C479C4003937C6 /* Assets.xcassets */,
				8953804D20C479C4003937C6 /* LaunchScreen.storyboard */,
				8953805020C479C4003937C6 /* Info.plist */,
			);
			path = Connector;
			sourceTree = "<group>";
		};
/* End PBXGroup section */

/* Begin PBXNativeTarget section */
		8953804020C479C3003937C6 /* Connector */ = {
			isa = PBXNativeTarget;
			buildConfigurationList = 8953805320C479C4003937C6 /* Build configuration list for PBXNativeTarget "Connector" */;
			buildPhases = (
				8953803D20C479C3003937C6 /* Sources */,
				8953803E20C479C3003937C6 /* Frameworks */,
				8953803F20C479C3003937C6 /* Resources */,
			);
			buildRules = (
			);
			dependencies = (
			);
			name = Connector;
			productName = Connector;
			productReference = 8953804120C479C3003937C6 /* Connector.app */;
			productType = "com.apple.product-type.application";
		};
/* End PBXNativeTarget section */

/* Begin PBXProject section */
		8953803920C479C3003937C6 /* Project object */ = {
			isa = PBXProject;
			attributes = {
				LastSwiftUpdateCheck = 0940;
				LastUpgradeCheck = 0940;
				ORGANIZATIONNAME = MobileAnwendungen;
				TargetAttributes = {
					8953804020C479C3003937C6 = {
						CreatedOnToolsVersion = 9.4;
					};
				};
			};
			buildConfigurationList = 8953803C20C479C3003937C6 /* Build configuration list for PBXProject "Connector" */;
			compatibilityVersion = "Xcode 9.3";
			developmentRegion = en;
			hasScannedForEncodings = 0;
			knownRegions = (
				en,
				Base,
			);
			mainGroup = 8953803820C479C3003937C6;
			productRefGroup = 8953804220C479C3003937C6 /* Products */;
			projectDirPath = "";
			projectRoot = "";
			targets = (
				8953804020C479C3003937C6 /* Connector */,
			);
		};
/* End PBXProject section */

/* Begin PBXResourcesBuildPhase section */
		8953803F20C479C3003937C6 /* Resources */ = {
			isa = PBXResourcesBuildPhase;
			buildActionMask = 2147483647;
			files = (
				8953804F20C479C4003937C6 /* LaunchScreen.storyboard in Resources */,
				8953804C20C479C4003937C6 /* Assets.xcassets in Resources */,
				8953804A20C479C3003937C6 /* Main.storyboard in Resources */,
			);
			runOnlyForDeploymentPostprocessing = 0;
		};
/* End PBXResourcesBuildPhase section */

/* Begin PBXSourcesBuildPhase section */
		8953803D20C479C3003937C6 /* Sources */ = {
			isa = PBXSourcesBuildPhase;
			buildActionMask = 2147483647;
			files = (
				8953806220C47A15003937C6 /* OperationThermostat.swift in Sources */,
				8953804720C479C3003937C6 /* ViewController.swift in Sources */,
				8953805E20C47A15003937C6 /* LabelDelegate.swift in Sources */,
				8953804520C479C3003937C6 /* AppDelegate.swift in Sources */,
				8953806320C47A15003937C6 /* AllThermostatsReceiver.swift in Sources */,
				8953806020C47A15003937C6 /* RequesterDelegate.swift in Sources */,
				8953805F20C47A15003937C6 /* Md5Maker.swift in Sources */,
				89A0AD8A20D42ECE00647F5B /* Model.xcdatamodeld in Sources */,
				8953806120C47A15003937C6 /* Connector.swift in Sources */,
				8953805D20C47A15003937C6 /* FritzSessionManager.swift in Sources */,
			);
			runOnlyForDeploymentPostprocessing = 0;
		};
/* End PBXSourcesBuildPhase section */

/* Begin PBXVariantGroup section */
		8953804820C479C3003937C6 /* Main.storyboard */ = {
			isa = PBXVariantGroup;
			children = (
				8953804920C479C3003937C6 /* Base */,
			);
			name = Main.storyboard;
			sourceTree = "<group>";
		};
		8953804D20C479C4003937C6 /* LaunchScreen.storyboard */ = {
			isa = PBXVariantGroup;
			children = (
				8953804E20C479C4003937C6 /* Base */,
			);
			name = LaunchScreen.storyboard;
			sourceTree = "<group>";
		};
/* End PBXVariantGroup section */

/* Begin XCBuildConfiguration section */
		8953805120C479C4003937C6 /* Debug */ = {
			isa = XCBuildConfiguration;
			buildSettings = {
				ALWAYS_SEARCH_USER_PATHS = NO;
				CLANG_ANALYZER_NONNULL = YES;
				CLANG_ANALYZER_NUMBER_OBJECT_CONVERSION = YES_AGGRESSIVE;
				CLANG_CXX_LANGUAGE_STANDARD = "gnu++14";
				CLANG_CXX_LIBRARY = "libc++";
				CLANG_ENABLE_MODULES = YES;
				CLANG_ENABLE_OBJC_ARC = YES;
				CLANG_ENABLE_OBJC_WEAK = YES;
				CLANG_WARN_BLOCK_CAPTURE_AUTORELEASING = YES;
				CLANG_WARN_BOOL_CONVERSION = YES;
				CLANG_WARN_COMMA = YES;
				CLANG_WARN_CONSTANT_CONVERSION = YES;
				CLANG_WARN_DEPRECATED_OBJC_IMPLEMENTATIONS = YES;
				CLANG_WARN_DIRECT_OBJC_ISA_USAGE = YES_ERROR;
				CLANG_WARN_DOCUMENTATION_COMMENTS = YES;
				CLANG_WARN_EMPTY_BODY = YES;
				CLANG_WARN_ENUM_CONVERSION = YES;
				CLANG_WARN_INFINITE_RECURSION = YES;
				CLANG_WARN_INT_CONVERSION = YES;
				CLANG_WARN_NON_LITERAL_NULL_CONVERSION = YES;
				CLANG_WARN_OBJC_IMPLICIT_RETAIN_SELF = YES;
				CLANG_WARN_OBJC_LITERAL_CONVERSION = YES;
				CLANG_WARN_OBJC_ROOT_CLASS = YES_ERROR;
				CLANG_WARN_RANGE_LOOP_ANALYSIS = YES;
				CLANG_WARN_STRICT_PROTOTYPES = YES;
				CLANG_WARN_SUSPICIOUS_MOVE = YES;
				CLANG_WARN_UNGUARDED_AVAILABILITY = YES_AGGRESSIVE;
				CLANG_WARN_UNREACHABLE_CODE = YES;
				CLANG_WARN__DUPLICATE_METHOD_MATCH = YES;
				CODE_SIGN_IDENTITY = "iPhone Developer";
				COPY_PHASE_STRIP = NO;
				DEBUG_INFORMATION_FORMAT = dwarf;
				ENABLE_STRICT_OBJC_MSGSEND = YES;
				ENABLE_TESTABILITY = YES;
				GCC_C_LANGUAGE_STANDARD = gnu11;
				GCC_DYNAMIC_NO_PIC = NO;
				GCC_NO_COMMON_BLOCKS = YES;
				GCC_OPTIMIZATION_LEVEL = 0;
				GCC_PREPROCESSOR_DEFINITIONS = (
					"DEBUG=1",
					"$(inherited)",
				);
				GCC_WARN_64_TO_32_BIT_CONVERSION = YES;
				GCC_WARN_ABOUT_RETURN_TYPE = YES_ERROR;
				GCC_WARN_UNDECLARED_SELECTOR = YES;
				GCC_WARN_UNINITIALIZED_AUTOS = YES_AGGRESSIVE;
				GCC_WARN_UNUSED_FUNCTION = YES;
				GCC_WARN_UNUSED_VARIABLE = YES;
				IPHONEOS_DEPLOYMENT_TARGET = 11.4;
				MTL_ENABLE_DEBUG_INFO = YES;
				ONLY_ACTIVE_ARCH = YES;
				SDKROOT = iphoneos;
				SWIFT_ACTIVE_COMPILATION_CONDITIONS = DEBUG;
				SWIFT_OPTIMIZATION_LEVEL = "-Onone";
			};
			name = Debug;
		};
		8953805220C479C4003937C6 /* Release */ = {
			isa = XCBuildConfiguration;
			buildSettings = {
				ALWAYS_SEARCH_USER_PATHS = NO;
				CLANG_ANALYZER_NONNULL = YES;
				CLANG_ANALYZER_NUMBER_OBJECT_CONVERSION = YES_AGGRESSIVE;
				CLANG_CXX_LANGUAGE_STANDARD = "gnu++14";
				CLANG_CXX_LIBRARY = "libc++";
				CLANG_ENABLE_MODULES = YES;
				CLANG_ENABLE_OBJC_ARC = YES;
				CLANG_ENABLE_OBJC_WEAK = YES;
				CLANG_WARN_BLOCK_CAPTURE_AUTORELEASING = YES;
				CLANG_WARN_BOOL_CONVERSION = YES;
				CLANG_WARN_COMMA = YES;
				CLANG_WARN_CONSTANT_CONVERSION = YES;
				CLANG_WARN_DEPRECATED_OBJC_IMPLEMENTATIONS = YES;
				CLANG_WARN_DIRECT_OBJC_ISA_USAGE = YES_ERROR;
				CLANG_WARN_DOCUMENTATION_COMMENTS = YES;
				CLANG_WARN_EMPTY_BODY = YES;
				CLANG_WARN_ENUM_CONVERSION = YES;
				CLANG_WARN_INFINITE_RECURSION = YES;
				CLANG_WARN_INT_CONVERSION = YES;
				CLANG_WARN_NON_LITERAL_NULL_CONVERSION = YES;
				CLANG_WARN_OBJC_IMPLICIT_RETAIN_SELF = YES;
				CLANG_WARN_OBJC_LITERAL_CONVERSION = YES;
				CLANG_WARN_OBJC_ROOT_CLASS = YES_ERROR;
				CLANG_WARN_RANGE_LOOP_ANALYSIS = YES;
				CLANG_WARN_STRICT_PROTOTYPES = YES;
				CLANG_WARN_SUSPICIOUS_MOVE = YES;
				CLANG_WARN_UNGUARDED_AVAILABILITY = YES_AGGRESSIVE;
				CLANG_WARN_UNREACHABLE_CODE = YES;
				CLANG_WARN__DUPLICATE_METHOD_MATCH = YES;
				CODE_SIGN_IDENTITY = "iPhone Developer";
				COPY_PHASE_STRIP = NO;
				DEBUG_INFORMATION_FORMAT = "dwarf-with-dsym";
				ENABLE_NS_ASSERTIONS = NO;
				ENABLE_STRICT_OBJC_MSGSEND = YES;
				GCC_C_LANGUAGE_STANDARD = gnu11;
				GCC_NO_COMMON_BLOCKS = YES;
				GCC_WARN_64_TO_32_BIT_CONVERSION = YES;
				GCC_WARN_ABOUT_RETURN_TYPE = YES_ERROR;
				GCC_WARN_UNDECLARED_SELECTOR = YES;
				GCC_WARN_UNINITIALIZED_AUTOS = YES_AGGRESSIVE;
				GCC_WARN_UNUSED_FUNCTION = YES;
				GCC_WARN_UNUSED_VARIABLE = YES;
				IPHONEOS_DEPLOYMENT_TARGET = 11.4;
				MTL_ENABLE_DEBUG_INFO = NO;
				SDKROOT = iphoneos;
				SWIFT_COMPILATION_MODE = wholemodule;
				SWIFT_OPTIMIZATION_LEVEL = "-O";
				VALIDATE_PRODUCT = YES;
			};
			name = Release;
		};
		8953805420C479C4003937C6 /* Debug */ = {
			isa = XCBuildConfiguration;
			buildSettings = {
				ASSETCATALOG_COMPILER_APPICON_NAME = AppIcon;
				CODE_SIGN_STYLE = Automatic;
				DEVELOPMENT_TEAM = M8LPT93NXN;
				INFOPLIST_FILE = Connector/Info.plist;
				LD_RUNPATH_SEARCH_PATHS = (
					"$(inherited)",
					"@executable_path/Frameworks",
				);
				PRODUCT_BUNDLE_IDENTIFIER = "de.hs-rm.cs.maubert.Connector";
				PRODUCT_NAME = "$(TARGET_NAME)";
				SWIFT_OBJC_BRIDGING_HEADER = "Connector-header.h";
				SWIFT_OBJC_INTERFACE_HEADER_NAME = "Connector-header.h";
				SWIFT_VERSION = 4.0;
				TARGETED_DEVICE_FAMILY = "1,2";
			};
			name = Debug;
		};
		8953805520C479C4003937C6 /* Release */ = {
			isa = XCBuildConfiguration;
			buildSettings = {
				ASSETCATALOG_COMPILER_APPICON_NAME = AppIcon;
				CODE_SIGN_STYLE = Automatic;
				DEVELOPMENT_TEAM = M8LPT93NXN;
				INFOPLIST_FILE = Connector/Info.plist;
				LD_RUNPATH_SEARCH_PATHS = (
					"$(inherited)",
					"@executable_path/Frameworks",
				);
				PRODUCT_BUNDLE_IDENTIFIER = "de.hs-rm.cs.maubert.Connector";
				PRODUCT_NAME = "$(TARGET_NAME)";
				SWIFT_OBJC_BRIDGING_HEADER = "Connector-header.h";
				SWIFT_OBJC_INTERFACE_HEADER_NAME = "Connector-header.h";
				SWIFT_VERSION = 4.0;
				TARGETED_DEVICE_FAMILY = "1,2";
			};
			name = Release;
		};
/* End XCBuildConfiguration section */

/* Begin XCConfigurationList section */
		8953803C20C479C3003937C6 /* Build configuration list for PBXProject "Connector" */ = {
			isa = XCConfigurationList;
			buildConfigurations = (
				8953805120C479C4003937C6 /* Debug */,
				8953805220C479C4003937C6 /* Release */,
			);
			defaultConfigurationIsVisible = 0;
			defaultConfigurationName = Release;
		};
		8953805320C479C4003937C6 /* Build configuration list for PBXNativeTarget "Connector" */ = {
			isa = XCConfigurationList;
			buildConfigurations = (
				8953805420C479C4003937C6 /* Debug */,
				8953805520C479C4003937C6 /* Release */,
			);
			defaultConfigurationIsVisible = 0;
			defaultConfigurationName = Release;
		};
/* End XCConfigurationList section */

/* Begin XCVersionGroup section */
		89A0AD8820D42ECD00647F5B /* Model.xcdatamodeld */ = {
			isa = XCVersionGroup;
			children = (
				89A0AD8920D42ECE00647F5B /* Model.xcdatamodel */,
			);
			currentVersion = 89A0AD8920D42ECE00647F5B /* Model.xcdatamodel */;
			path = Model.xcdatamodeld;
			sourceTree = "<group>";
			versionGroupType = wrapper.xcdatamodel;
		};
/* End XCVersionGroup section */
	};
	rootObject = 8953803920C479C3003937C6 /* Project object */;
}
